
Microsoft Visual Studio Solution File, Format Version 12.00
Project("{FAE04EC0-301F-11D3-BF4B-00C04F79EFBC}") = "BackgroundQueueProcessor", "BackgroundQueueProcessor\BackgroundQueueProcessor.csproj", "{6D8755A0-A17D-410D-8BEF-72719101CCD2}"
EndProject
Global
	GlobalSection(SolutionConfigurationPlatforms) = preSolution
		Debug|Any CPU = Debug|Any CPU
		Release|Any CPU = Release|Any CPU
	EndGlobalSection
	GlobalSection(ProjectConfigurationPlatforms) = postSolution
		{6D8755A0-A17D-410D-8BEF-72719101CCD2}.Debug|Any CPU.ActiveCfg = Debug|Any CPU
		{6D8755A0-A17D-410D-8BEF-72719101CCD2}.Debug|Any CPU.Build.0 = Debug|Any CPU
		{6D8755A0-A17D-410D-8BEF-72719101CCD2}.Release|Any CPU.ActiveCfg = Release|Any CPU
		{6D8755A0-A17D-410D-8BEF-72719101CCD2}.Release|Any CPU.Build.0 = Release|Any CPU
	EndGlobalSection
EndGlobal
